// !$*UTF8*$!
{
	archiveVersion = 1;
	classes = {
	};
	objectVersion = 46;
	objects = {

/* Begin PBXBuildFile section */
		859D885F1A7DECD7007007B0 /* HMDSudokuTreeNode.m in Sources */ = {isa = PBXBuildFile; fileRef = 859D885E1A7DECD7007007B0 /* HMDSudokuTreeNode.m */; };
		859D88651A7E0E99007007B0 /* HMDCellCoordinates.m in Sources */ = {isa = PBXBuildFile; fileRef = 859D88641A7E0E99007007B0 /* HMDCellCoordinates.m */; };
		859D88681A7E11B1007007B0 /* HMDSudokuTree.m in Sources */ = {isa = PBXBuildFile; fileRef = 859D88671A7E11B1007007B0 /* HMDSudokuTree.m */; };
		85B5DAAB1A778D69002A1979 /* HMDSudokuCell.m in Sources */ = {isa = PBXBuildFile; fileRef = 85B5DAAA1A778D69002A1979 /* HMDSudokuCell.m */; };
		85D44FB11A77497300363F0E /* HMDSolutionViewController.m in Sources */ = {isa = PBXBuildFile; fileRef = 85D44FAF1A77497300363F0E /* HMDSolutionViewController.m */; };
		85D44FB21A77497300363F0E /* HMDSolutionViewController.xib in Resources */ = {isa = PBXBuildFile; fileRef = 85D44FB01A77497300363F0E /* HMDSolutionViewController.xib */; };
		85DE02F01A7640D500B9A8BF /* main.m in Sources */ = {isa = PBXBuildFile; fileRef = 85DE02EF1A7640D500B9A8BF /* main.m */; };
		85DE02F31A7640D500B9A8BF /* AppDelegate.m in Sources */ = {isa = PBXBuildFile; fileRef = 85DE02F21A7640D500B9A8BF /* AppDelegate.m */; };
		85DE02FB1A7640D500B9A8BF /* Images.xcassets in Resources */ = {isa = PBXBuildFile; fileRef = 85DE02FA1A7640D500B9A8BF /* Images.xcassets */; };
		85DE02FE1A7640D500B9A8BF /* LaunchScreen.xib in Resources */ = {isa = PBXBuildFile; fileRef = 85DE02FC1A7640D500B9A8BF /* LaunchScreen.xib */; };
		85DE030A1A7640D500B9A8BF /* Sudoku_SolverTests.m in Sources */ = {isa = PBXBuildFile; fileRef = 85DE03091A7640D500B9A8BF /* Sudoku_SolverTests.m */; };
		85DE03161A7645B600B9A8BF /* HMDBoardPickerViewController.m in Sources */ = {isa = PBXBuildFile; fileRef = 85DE03141A7645B600B9A8BF /* HMDBoardPickerViewController.m */; };
		85DE03171A7645B600B9A8BF /* HMDBoardPickerViewController.xib in Resources */ = {isa = PBXBuildFile; fileRef = 85DE03151A7645B600B9A8BF /* HMDBoardPickerViewController.xib */; };
		F38B46CF454174795C765EDF /* libPods-Sudoku Solver.a in Frameworks */ = {isa = PBXBuildFile; fileRef = 6C06B72111C64DCA69E3FBBD /* libPods-Sudoku Solver.a */; };
/* End PBXBuildFile section */

/* Begin PBXContainerItemProxy section */
		85DE03041A7640D500B9A8BF /* PBXContainerItemProxy */ = {
			isa = PBXContainerItemProxy;
			containerPortal = 85DE02E21A7640D500B9A8BF /* Project object */;
			proxyType = 1;
			remoteGlobalIDString = 85DE02E91A7640D500B9A8BF;
			remoteInfo = "Sudoku Solver";
		};
/* End PBXContainerItemProxy section */

/* Begin PBXFileReference section */
		36AF5BBEC7200E23654BF740 /* Pods-Sudoku Solver.release.xcconfig */ = {isa = PBXFileReference; includeInIndex = 1; lastKnownFileType = text.xcconfig; name = "Pods-Sudoku Solver.release.xcconfig"; path = "Pods/Target Support Files/Pods-Sudoku Solver/Pods-Sudoku Solver.release.xcconfig"; sourceTree = "<group>"; };
		6C06B72111C64DCA69E3FBBD /* libPods-Sudoku Solver.a */ = {isa = PBXFileReference; explicitFileType = archive.ar; includeInIndex = 0; path = "libPods-Sudoku Solver.a"; sourceTree = BUILT_PRODUCTS_DIR; };
		859D885D1A7DECD7007007B0 /* HMDSudokuTreeNode.h */ = {isa = PBXFileReference; fileEncoding = 4; lastKnownFileType = sourcecode.c.h; path = HMDSudokuTreeNode.h; sourceTree = "<group>"; };
		859D885E1A7DECD7007007B0 /* HMDSudokuTreeNode.m */ = {isa = PBXFileReference; fileEncoding = 4; lastKnownFileType = sourcecode.c.objc; path = HMDSudokuTreeNode.m; sourceTree = "<group>"; };
		859D88631A7E0E99007007B0 /* HMDCellCoordinates.h */ = {isa = PBXFileReference; fileEncoding = 4; lastKnownFileType = sourcecode.c.h; path = HMDCellCoordinates.h; sourceTree = "<group>"; };
		859D88641A7E0E99007007B0 /* HMDCellCoordinates.m */ = {isa = PBXFileReference; fileEncoding = 4; lastKnownFileType = sourcecode.c.objc; path = HMDCellCoordinates.m; sourceTree = "<group>"; };
		859D88661A7E11B1007007B0 /* HMDSudokuTree.h */ = {isa = PBXFileReference; fileEncoding = 4; lastKnownFileType = sourcecode.c.h; path = HMDSudokuTree.h; sourceTree = "<group>"; };
		859D88671A7E11B1007007B0 /* HMDSudokuTree.m */ = {isa = PBXFileReference; fileEncoding = 4; lastKnownFileType = sourcecode.c.objc; path = HMDSudokuTree.m; sourceTree = "<group>"; };
		85B5DAA91A778D69002A1979 /* HMDSudokuCell.h */ = {isa = PBXFileReference; fileEncoding = 4; lastKnownFileType = sourcecode.c.h; path = HMDSudokuCell.h; sourceTree = "<group>"; };
		85B5DAAA1A778D69002A1979 /* HMDSudokuCell.m */ = {isa = PBXFileReference; fileEncoding = 4; lastKnownFileType = sourcecode.c.objc; path = HMDSudokuCell.m; sourceTree = "<group>"; };
		85D44FAE1A77497300363F0E /* HMDSolutionViewController.h */ = {isa = PBXFileReference; fileEncoding = 4; lastKnownFileType = sourcecode.c.h; path = HMDSolutionViewController.h; sourceTree = "<group>"; };
		85D44FAF1A77497300363F0E /* HMDSolutionViewController.m */ = {isa = PBXFileReference; fileEncoding = 4; lastKnownFileType = sourcecode.c.objc; path = HMDSolutionViewController.m; sourceTree = "<group>"; };
		85D44FB01A77497300363F0E /* HMDSolutionViewController.xib */ = {isa = PBXFileReference; fileEncoding = 4; lastKnownFileType = file.xib; path = HMDSolutionViewController.xib; sourceTree = "<group>"; };
		85DE02EA1A7640D500B9A8BF /* Sudoku Solver.app */ = {isa = PBXFileReference; explicitFileType = wrapper.application; includeInIndex = 0; path = "Sudoku Solver.app"; sourceTree = BUILT_PRODUCTS_DIR; };
		85DE02EE1A7640D500B9A8BF /* Info.plist */ = {isa = PBXFileReference; lastKnownFileType = text.plist.xml; path = Info.plist; sourceTree = "<group>"; };
		85DE02EF1A7640D500B9A8BF /* main.m */ = {isa = PBXFileReference; lastKnownFileType = sourcecode.c.objc; path = main.m; sourceTree = "<group>"; };
		85DE02F11A7640D500B9A8BF /* AppDelegate.h */ = {isa = PBXFileReference; lastKnownFileType = sourcecode.c.h; path = AppDelegate.h; sourceTree = "<group>"; };
		85DE02F21A7640D500B9A8BF /* AppDelegate.m */ = {isa = PBXFileReference; lastKnownFileType = sourcecode.c.objc; path = AppDelegate.m; sourceTree = "<group>"; };
		85DE02FA1A7640D500B9A8BF /* Images.xcassets */ = {isa = PBXFileReference; lastKnownFileType = folder.assetcatalog; path = Images.xcassets; sourceTree = "<group>"; };
		85DE02FD1A7640D500B9A8BF /* Base */ = {isa = PBXFileReference; lastKnownFileType = file.xib; name = Base; path = Base.lproj/LaunchScreen.xib; sourceTree = "<group>"; };
		85DE03031A7640D500B9A8BF /* Sudoku SolverTests.xctest */ = {isa = PBXFileReference; explicitFileType = wrapper.cfbundle; includeInIndex = 0; path = "Sudoku SolverTests.xctest"; sourceTree = BUILT_PRODUCTS_DIR; };
		85DE03081A7640D500B9A8BF /* Info.plist */ = {isa = PBXFileReference; lastKnownFileType = text.plist.xml; path = Info.plist; sourceTree = "<group>"; };
		85DE03091A7640D500B9A8BF /* Sudoku_SolverTests.m */ = {isa = PBXFileReference; lastKnownFileType = sourcecode.c.objc; path = Sudoku_SolverTests.m; sourceTree = "<group>"; };
		85DE03131A7645B600B9A8BF /* HMDBoardPickerViewController.h */ = {isa = PBXFileReference; fileEncoding = 4; lastKnownFileType = sourcecode.c.h; path = HMDBoardPickerViewController.h; sourceTree = "<group>"; };
		85DE03141A7645B600B9A8BF /* HMDBoardPickerViewController.m */ = {isa = PBXFileReference; fileEncoding = 4; lastKnownFileType = sourcecode.c.objc; path = HMDBoardPickerViewController.m; sourceTree = "<group>"; };
		85DE03151A7645B600B9A8BF /* HMDBoardPickerViewController.xib */ = {isa = PBXFileReference; fileEncoding = 4; lastKnownFileType = file.xib; path = HMDBoardPickerViewController.xib; sourceTree = "<group>"; };
		90467000BA838523C569709A /* Pods-Sudoku Solver.debug.xcconfig */ = {isa = PBXFileReference; includeInIndex = 1; lastKnownFileType = text.xcconfig; name = "Pods-Sudoku Solver.debug.xcconfig"; path = "Pods/Target Support Files/Pods-Sudoku Solver/Pods-Sudoku Solver.debug.xcconfig"; sourceTree = "<group>"; };
/* End PBXFileReference section */

/* Begin PBXFrameworksBuildPhase section */
		85DE02E71A7640D500B9A8BF /* Frameworks */ = {
			isa = PBXFrameworksBuildPhase;
			buildActionMask = 2147483647;
			files = (
				F38B46CF454174795C765EDF /* libPods-Sudoku Solver.a in Frameworks */,
			);
			runOnlyForDeploymentPostprocessing = 0;
		};
		85DE03001A7640D500B9A8BF /* Frameworks */ = {
			isa = PBXFrameworksBuildPhase;
			buildActionMask = 2147483647;
			files = (
			);
			runOnlyForDeploymentPostprocessing = 0;
		};
/* End PBXFrameworksBuildPhase section */

/* Begin PBXGroup section */
		3D1276F1F26C937DAE7934A6 /* Frameworks */ = {
			isa = PBXGroup;
			children = (
				6C06B72111C64DCA69E3FBBD /* libPods-Sudoku Solver.a */,
			);
			name = Frameworks;
			sourceTree = "<group>";
		};
		85DE02E11A7640D500B9A8BF = {
			isa = PBXGroup;
			children = (
				85DE02EC1A7640D500B9A8BF /* Sudoku Solver */,
				85DE03061A7640D500B9A8BF /* Sudoku SolverTests */,
				85DE02EB1A7640D500B9A8BF /* Products */,
				C6DD90CFF83A7AD902C7AAE7 /* Pods */,
				3D1276F1F26C937DAE7934A6 /* Frameworks */,
			);
			sourceTree = "<group>";
		};
		85DE02EB1A7640D500B9A8BF /* Products */ = {
			isa = PBXGroup;
			children = (
				85DE02EA1A7640D500B9A8BF /* Sudoku Solver.app */,
				85DE03031A7640D500B9A8BF /* Sudoku SolverTests.xctest */,
			);
			name = Products;
			sourceTree = "<group>";
		};
		85DE02EC1A7640D500B9A8BF /* Sudoku Solver */ = {
			isa = PBXGroup;
			children = (
				85DE02F11A7640D500B9A8BF /* AppDelegate.h */,
				85DE02F21A7640D500B9A8BF /* AppDelegate.m */,
				85DE03131A7645B600B9A8BF /* HMDBoardPickerViewController.h */,
				85DE03141A7645B600B9A8BF /* HMDBoardPickerViewController.m */,
				85DE03151A7645B600B9A8BF /* HMDBoardPickerViewController.xib */,
				85D44FAE1A77497300363F0E /* HMDSolutionViewController.h */,
				85D44FAF1A77497300363F0E /* HMDSolutionViewController.m */,
				85D44FB01A77497300363F0E /* HMDSolutionViewController.xib */,
				85B5DAA91A778D69002A1979 /* HMDSudokuCell.h */,
				85B5DAAA1A778D69002A1979 /* HMDSudokuCell.m */,
				859D88631A7E0E99007007B0 /* HMDCellCoordinates.h */,
				859D88641A7E0E99007007B0 /* HMDCellCoordinates.m */,
				859D885D1A7DECD7007007B0 /* HMDSudokuTreeNode.h */,
				859D885E1A7DECD7007007B0 /* HMDSudokuTreeNode.m */,
				859D88661A7E11B1007007B0 /* HMDSudokuTree.h */,
				859D88671A7E11B1007007B0 /* HMDSudokuTree.m */,
				85DE02FA1A7640D500B9A8BF /* Images.xcassets */,
				85DE02FC1A7640D500B9A8BF /* LaunchScreen.xib */,
				85DE02ED1A7640D500B9A8BF /* Supporting Files */,
			);
			path = "Sudoku Solver";
			sourceTree = "<group>";
		};
		85DE02ED1A7640D500B9A8BF /* Supporting Files */ = {
			isa = PBXGroup;
			children = (
				85DE02EE1A7640D500B9A8BF /* Info.plist */,
				85DE02EF1A7640D500B9A8BF /* main.m */,
			);
			name = "Supporting Files";
			sourceTree = "<group>";
		};
		85DE03061A7640D500B9A8BF /* Sudoku SolverTests */ = {
			isa = PBXGroup;
			children = (
				85DE03091A7640D500B9A8BF /* Sudoku_SolverTests.m */,
				85DE03071A7640D500B9A8BF /* Supporting Files */,
			);
			path = "Sudoku SolverTests";
			sourceTree = "<group>";
		};
		85DE03071A7640D500B9A8BF /* Supporting Files */ = {
			isa = PBXGroup;
			children = (
				85DE03081A7640D500B9A8BF /* Info.plist */,
			);
			name = "Supporting Files";
			sourceTree = "<group>";
		};
		C6DD90CFF83A7AD902C7AAE7 /* Pods */ = {
			isa = PBXGroup;
			children = (
				90467000BA838523C569709A /* Pods-Sudoku Solver.debug.xcconfig */,
				36AF5BBEC7200E23654BF740 /* Pods-Sudoku Solver.release.xcconfig */,
			);
			name = Pods;
			sourceTree = "<group>";
		};
/* End PBXGroup section */

/* Begin PBXNativeTarget section */
		85DE02E91A7640D500B9A8BF /* Sudoku Solver */ = {
			isa = PBXNativeTarget;
			buildConfigurationList = 85DE030D1A7640D500B9A8BF /* Build configuration list for PBXNativeTarget "Sudoku Solver" */;
			buildPhases = (
				824F90CD0777CDC251CB8EB3 /* Check Pods Manifest.lock */,
				85DE02E61A7640D500B9A8BF /* Sources */,
				85DE02E71A7640D500B9A8BF /* Frameworks */,
				85DE02E81A7640D500B9A8BF /* Resources */,
				9A51C210B943A914CEE4C35B /* Copy Pods Resources */,
			);
			buildRules = (
			);
			dependencies = (
			);
			name = "Sudoku Solver";
			productName = "Sudoku Solver";
			productReference = 85DE02EA1A7640D500B9A8BF /* Sudoku Solver.app */;
			productType = "com.apple.product-type.application";
		};
		85DE03021A7640D500B9A8BF /* Sudoku SolverTests */ = {
			isa = PBXNativeTarget;
			buildConfigurationList = 85DE03101A7640D500B9A8BF /* Build configuration list for PBXNativeTarget "Sudoku SolverTests" */;
			buildPhases = (
				85DE02FF1A7640D500B9A8BF /* Sources */,
				85DE03001A7640D500B9A8BF /* Frameworks */,
				85DE03011A7640D500B9A8BF /* Resources */,
			);
			buildRules = (
			);
			dependencies = (
				85DE03051A7640D500B9A8BF /* PBXTargetDependency */,
			);
			name = "Sudoku SolverTests";
			productName = "Sudoku SolverTests";
			productReference = 85DE03031A7640D500B9A8BF /* Sudoku SolverTests.xctest */;
			productType = "com.apple.product-type.bundle.unit-test";
		};
/* End PBXNativeTarget section */

/* Begin PBXProject section */
		85DE02E21A7640D500B9A8BF /* Project object */ = {
			isa = PBXProject;
			attributes = {
				LastUpgradeCheck = 0610;
				ORGANIZATIONNAME = "Trent You";
				TargetAttributes = {
					85DE02E91A7640D500B9A8BF = {
						CreatedOnToolsVersion = 6.1.1;
					};
					85DE03021A7640D500B9A8BF = {
						CreatedOnToolsVersion = 6.1.1;
						TestTargetID = 85DE02E91A7640D500B9A8BF;
					};
				};
			};
			buildConfigurationList = 85DE02E51A7640D500B9A8BF /* Build configuration list for PBXProject "Sudoku Solver" */;
			compatibilityVersion = "Xcode 3.2";
			developmentRegion = English;
			hasScannedForEncodings = 0;
			knownRegions = (
				en,
				Base,
			);
			mainGroup = 85DE02E11A7640D500B9A8BF;
			productRefGroup = 85DE02EB1A7640D500B9A8BF /* Products */;
			projectDirPath = "";
			projectRoot = "";
			targets = (
				85DE02E91A7640D500B9A8BF /* Sudoku Solver */,
				85DE03021A7640D500B9A8BF /* Sudoku SolverTests */,
			);
		};
/* End PBXProject section */

/* Begin PBXResourcesBuildPhase section */
		85DE02E81A7640D500B9A8BF /* Resources */ = {
			isa = PBXResourcesBuildPhase;
			buildActionMask = 2147483647;
			files = (
				85DE02FE1A7640D500B9A8BF /* LaunchScreen.xib in Resources */,
				85DE02FB1A7640D500B9A8BF /* Images.xcassets in Resources */,
				85DE03171A7645B600B9A8BF /* HMDBoardPickerViewController.xib in Resources */,
				85D44FB21A77497300363F0E /* HMDSolutionViewController.xib in Resources */,
			);
			runOnlyForDeploymentPostprocessing = 0;
		};
		85DE03011A7640D500B9A8BF /* Resources */ = {
			isa = PBXResourcesBuildPhase;
			buildActionMask = 2147483647;
			files = (
			);
			runOnlyForDeploymentPostprocessing = 0;
		};
/* End PBXResourcesBuildPhase section */

/* Begin PBXShellScriptBuildPhase section */
		824F90CD0777CDC251CB8EB3 /* Check Pods Manifest.lock */ = {
			isa = PBXShellScriptBuildPhase;
			buildActionMask = 2147483647;
			files = (
			);
			inputPaths = (
			);
			name = "Check Pods Manifest.lock";
			outputPaths = (
			);
			runOnlyForDeploymentPostprocessing = 0;
			shellPath = /bin/sh;
			shellScript = "diff \"${PODS_ROOT}/../Podfile.lock\" \"${PODS_ROOT}/Manifest.lock\" > /dev/null\nif [[ $? != 0 ]] ; then\n    cat << EOM\nerror: The sandbox is not in sync with the Podfile.lock. Run 'pod install' or update your CocoaPods installation.\nEOM\n    exit 1\nfi\n";
			showEnvVarsInLog = 0;
		};
		9A51C210B943A914CEE4C35B /* Copy Pods Resources */ = {
			isa = PBXShellScriptBuildPhase;
			buildActionMask = 2147483647;
			files = (
			);
			inputPaths = (
			);
			name = "Copy Pods Resources";
			outputPaths = (
			);
			runOnlyForDeploymentPostprocessing = 0;
			shellPath = /bin/sh;
			shellScript = "\"${SRCROOT}/Pods/Target Support Files/Pods-Sudoku Solver/Pods-Sudoku Solver-resources.sh\"\n";
			showEnvVarsInLog = 0;
		};
/* End PBXShellScriptBuildPhase section */

/* Begin PBXSourcesBuildPhase section */
		85DE02E61A7640D500B9A8BF /* Sources */ = {
			isa = PBXSourcesBuildPhase;
			buildActionMask = 2147483647;
			files = (
				859D88681A7E11B1007007B0 /* HMDSudokuTree.m in Sources */,
				85DE02F31A7640D500B9A8BF /* AppDelegate.m in Sources */,
				85B5DAAB1A778D69002A1979 /* HMDSudokuCell.m in Sources */,
				859D885F1A7DECD7007007B0 /* HMDSudokuTreeNode.m in Sources */,
				859D88651A7E0E99007007B0 /* HMDCellCoordinates.m in Sources */,
				85DE02F01A7640D500B9A8BF /* main.m in Sources */,
				85DE03161A7645B600B9A8BF /* HMDBoardPickerViewController.m in Sources */,
				85D44FB11A77497300363F0E /* HMDSolutionViewController.m in Sources */,
			);
			runOnlyForDeploymentPostprocessing = 0;
		};
		85DE02FF1A7640D500B9A8BF /* Sources */ = {
			isa = PBXSourcesBuildPhase;
			buildActionMask = 2147483647;
			files = (
				85DE030A1A7640D500B9A8BF /* Sudoku_SolverTests.m in Sources */,
			);
			runOnlyForDeploymentPostprocessing = 0;
		};
/* End PBXSourcesBuildPhase section */

/* Begin PBXTargetDependency section */
		85DE03051A7640D500B9A8BF /* PBXTargetDependency */ = {
			isa = PBXTargetDependency;
			target = 85DE02E91A7640D500B9A8BF /* Sudoku Solver */;
			targetProxy = 85DE03041A7640D500B9A8BF /* PBXContainerItemProxy */;
		};
/* End PBXTargetDependency section */

/* Begin PBXVariantGroup section */
		85DE02FC1A7640D500B9A8BF /* LaunchScreen.xib */ = {
			isa = PBXVariantGroup;
			children = (
				85DE02FD1A7640D500B9A8BF /* Base */,
			);
			name = LaunchScreen.xib;
			sourceTree = "<group>";
		};
/* End PBXVariantGroup section */

/* Begin XCBuildConfiguration section */
		85DE030B1A7640D500B9A8BF /* Debug */ = {
			isa = XCBuildConfiguration;
			buildSettings = {
				ALWAYS_SEARCH_USER_PATHS = NO;
				CLANG_CXX_LANGUAGE_STANDARD = "gnu++0x";
				CLANG_CXX_LIBRARY = "libc++";
				CLANG_ENABLE_MODULES = YES;
				CLANG_ENABLE_OBJC_ARC = YES;
				CLANG_WARN_BOOL_CONVERSION = YES;
				CLANG_WARN_CONSTANT_CONVERSION = YES;
				CLANG_WARN_DIRECT_OBJC_ISA_USAGE = YES_ERROR;
				CLANG_WARN_EMPTY_BODY = YES;
				CLANG_WARN_ENUM_CONVERSION = YES;
				CLANG_WARN_INT_CONVERSION = YES;
				CLANG_WARN_OBJC_ROOT_CLASS = YES_ERROR;
				CLANG_WARN_UNREACHABLE_CODE = YES;
				CLANG_WARN__DUPLICATE_METHOD_MATCH = YES;
				"CODE_SIGN_IDENTITY[sdk=iphoneos*]" = "iPhone Developer";
				COPY_PHASE_STRIP = NO;
				ENABLE_STRICT_OBJC_MSGSEND = YES;
				GCC_C_LANGUAGE_STANDARD = gnu99;
				GCC_DYNAMIC_NO_PIC = NO;
				GCC_OPTIMIZATION_LEVEL = 0;
				GCC_PREPROCESSOR_DEFINITIONS = (
					"DEBUG=1",
					"$(inherited)",
				);
				GCC_SYMBOLS_PRIVATE_EXTERN = NO;
				GCC_WARN_64_TO_32_BIT_CONVERSION = YES;
				GCC_WARN_ABOUT_RETURN_TYPE = YES_ERROR;
				GCC_WARN_UNDECLARED_SELECTOR = YES;
				GCC_WARN_UNINITIALIZED_AUTOS = YES_AGGRESSIVE;
				GCC_WARN_UNUSED_FUNCTION = YES;
				GCC_WARN_UNUSED_VARIABLE = YES;
				IPHONEOS_DEPLOYMENT_TARGET = 8.1;
				MTL_ENABLE_DEBUG_INFO = YES;
				ONLY_ACTIVE_ARCH = YES;
				SDKROOT = iphoneos;
				TARGETED_DEVICE_FAMILY = "1,2";
			};
			name = Debug;
		};
		85DE030C1A7640D500B9A8BF /* Release */ = {
			isa = XCBuildConfiguration;
			buildSettings = {
				ALWAYS_SEARCH_USER_PATHS = NO;
				CLANG_CXX_LANGUAGE_STANDARD = "gnu++0x";
				CLANG_CXX_LIBRARY = "libc++";
				CLANG_ENABLE_MODULES = YES;
				CLANG_ENABLE_OBJC_ARC = YES;
				CLANG_WARN_BOOL_CONVERSION = YES;
				CLANG_WARN_CONSTANT_CONVERSION = YES;
				CLANG_WARN_DIRECT_OBJC_ISA_USAGE = YES_ERROR;
				CLANG_WARN_EMPTY_BODY = YES;
				CLANG_WARN_ENUM_CONVERSION = YES;
				CLANG_WARN_INT_CONVERSION = YES;
				CLANG_WARN_OBJC_ROOT_CLASS = YES_ERROR;
				CLANG_WARN_UNREACHABLE_CODE = YES;
				CLANG_WARN__DUPLICATE_METHOD_MATCH = YES;
				"CODE_SIGN_IDENTITY[sdk=iphoneos*]" = "iPhone Developer";
				COPY_PHASE_STRIP = YES;
				ENABLE_NS_ASSERTIONS = NO;
				ENABLE_STRICT_OBJC_MSGSEND = YES;
				GCC_C_LANGUAGE_STANDARD = gnu99;
				GCC_WARN_64_TO_32_BIT_CONVERSION = YES;
				GCC_WARN_ABOUT_RETURN_TYPE = YES_ERROR;
				GCC_WARN_UNDECLARED_SELECTOR = YES;
				GCC_WARN_UNINITIALIZED_AUTOS = YES_AGGRESSIVE;
				GCC_WARN_UNUSED_FUNCTION = YES;
				GCC_WARN_UNUSED_VARIABLE = YES;
				IPHONEOS_DEPLOYMENT_TARGET = 8.1;
				MTL_ENABLE_DEBUG_INFO = NO;
				SDKROOT = iphoneos;
				TARGETED_DEVICE_FAMILY = "1,2";
				VALIDATE_PRODUCT = YES;
			};
			name = Release;
		};
		85DE030E1A7640D500B9A8BF /* Debug */ = {
			isa = XCBuildConfiguration;
			baseConfigurationReference = 90467000BA838523C569709A /* Pods-Sudoku Solver.debug.xcconfig */;
			buildSettings = {
				ASSETCATALOG_COMPILER_APPICON_NAME = AppIcon;
				INFOPLIST_FILE = "Sudoku Solver/Info.plist";
				LD_RUNPATH_SEARCH_PATHS = "$(inherited) @executable_path/Frameworks";
				PRODUCT_NAME = "$(TARGET_NAME)";
			};
			name = Debug;
		};
		85DE030F1A7640D500B9A8BF /* Release */ = {
			isa = XCBuildConfiguration;
			baseConfigurationReference = 36AF5BBEC7200E23654BF740 /* Pods-Sudoku Solver.release.xcconfig */;
			buildSettings = {
				ASSETCATALOG_COMPILER_APPICON_NAME = AppIcon;
				INFOPLIST_FILE = "Sudoku Solver/Info.plist";
				LD_RUNPATH_SEARCH_PATHS = "$(inherited) @executable_path/Frameworks";
				PRODUCT_NAME = "$(TARGET_NAME)";
			};
			name = Release;
		};
		85DE03111A7640D500B9A8BF /* Debug */ = {
			isa = XCBuildConfiguration;
			buildSettings = {
				BUNDLE_LOADER = "$(TEST_HOST)";
				FRAMEWORK_SEARCH_PATHS = (
					"$(SDKROOT)/Developer/Library/Frameworks",
					"$(inherited)",
				);
				GCC_PREPROCESSOR_DEFINITIONS = (
					"DEBUG=1",
					"$(inherited)",
				);
				INFOPLIST_FILE = "Sudoku SolverTests/Info.plist";
				LD_RUNPATH_SEARCH_PATHS = "$(inherited) @executable_path/Frameworks @loader_path/Frameworks";
				PRODUCT_NAME = "$(TARGET_NAME)";
				TEST_HOST = "$(BUILT_PRODUCTS_DIR)/Sudoku Solver.app/Sudoku Solver";
			};
			name = Debug;
		};
		85DE03121A7640D500B9A8BF /* Release */ = {
			isa = XCBuildConfiguration;
			buildSettings = {
				BUNDLE_LOADER = "$(TEST_HOST)";
				FRAMEWORK_SEARCH_PATHS = (
					"$(SDKROOT)/Developer/Library/Frameworks",
					"$(inherited)",
				);
				INFOPLIST_FILE = "Sudoku SolverTests/Info.plist";
				LD_RUNPATH_SEARCH_PATHS = "$(inherited) @executable_path/Frameworks @loader_path/Frameworks";
				PRODUCT_NAME = "$(TARGET_NAME)";
				TEST_HOST = "$(BUILT_PRODUCTS_DIR)/Sudoku Solver.app/Sudoku Solver";
			};
			name = Release;
		};
/* End XCBuildConfiguration section */

/* Begin XCConfigurationList section */
		85DE02E51A7640D500B9A8BF /* Build configuration list for PBXProject "Sudoku Solver" */ = {
			isa = XCConfigurationList;
			buildConfigurations = (
				85DE030B1A7640D500B9A8BF /* Debug */,
				85DE030C1A7640D500B9A8BF /* Release */,
			);
			defaultConfigurationIsVisible = 0;
			defaultConfigurationName = Release;
		};
		85DE030D1A7640D500B9A8BF /* Build configuration list for PBXNativeTarget "Sudoku Solver" */ = {
			isa = XCConfigurationList;
			buildConfigurations = (
				85DE030E1A7640D500B9A8BF /* Debug */,
				85DE030F1A7640D500B9A8BF /* Release */,
			);
			defaultConfigurationIsVisible = 0;
			defaultConfigurationName = Release;
		};
		85DE03101A7640D500B9A8BF /* Build configuration list for PBXNativeTarget "Sudoku SolverTests" */ = {
			isa = XCConfigurationList;
			buildConfigurations = (
				85DE03111A7640D500B9A8BF /* Debug */,
				85DE03121A7640D500B9A8BF /* Release */,
			);
			defaultConfigurationIsVisible = 0;
			defaultConfigurationName = Release;
		};
/* End XCConfigurationList section */
	};
	rootObject = 85DE02E21A7640D500B9A8BF /* Project object */;
}
